github.com/frankban/iterate v0.0.3 h1:8h0TUBTledlvb90yIt3D9n55SWkTIC24E2IrKW3/Vf0=
github.com/frankban/iterate v0.0.3/go.mod h1:5aDhFVCcsdTXzQG2TFmY9q+gRfdE/lRc1bjZldnEeeI=
golang.org/x/exp v0.0.0-20220321173239-a90fa8a75705 h1:ba9YlqfDGTTQ5aZ2fwOoQ1hf32QySyQkR6ODGDzHlnE=
golang.org/x/exp v0.0.0-20220321173239-a90fa8a75705/go.mod h1:lgLbSvA5ygNOMpwM/9anMpWVlVJ7Z+cHWq/eFuinpGE=
